{
    "name": "muxel",
    "version": "1.0.0",
    "lockfileVersion": 3,
    "requires": true,
    "packages": {
        "": {
            "name": "muxel",
            "version": "1.0.0",
            "license": "CC BY-NC-SA 4.0",
            "dependencies": {
                "@logstack/eon": "^1.0.1"
            }
        },
        "node_modules/@logstack/eon": {
            "version": "1.0.1",
            "resolved": "https://registry.npmjs.org/@logstack/eon/-/eon-1.0.1.tgz",
            "integrity": "sha512-6DPQJfN70POERCymeu6CNXZzMcaDnh/1zibzmAP41Kzd+yuOEkZtFJv/bL0jiZsQ2zANxiV6gcZxYrWxwQrq6w==",
            "hasInstallScript": true,
            "license": "MIT",
            "engines": {
                "node": ">=24.3.0"
            },
            "funding": {
                "type": "individual",
                "url": "https://github.com/sponsors/logstacklabs"
            }
        }
    }
}
